
Microsoft Visual Studio Solution File, Format Version 12.00
# Visual Studio Version 16
VisualStudioVersion = 16.0.32228.343
MinimumVisualStudioVersion = 10.0.40219.1
Project("{FAE04EC0-301F-11D3-BF4B-00C04F79EFBC}") = "De2", "De2.csproj", "{41DED688-37E2-43EB-AD63-0A822C847E11}"
EndProject
Global
	GlobalSection(SolutionConfigurationPlatforms) = preSolution
		Debug|Any CPU = Debug|Any CPU
		Release|Any CPU = Release|Any CPU
	EndGlobalSection
	GlobalSection(ProjectConfigurationPlatforms) = postSolution
		{41DED688-37E2-43EB-AD63-0A822C847E11}.Debug|Any CPU.ActiveCfg = Debug|Any CPU
		{41DED688-37E2-43EB-AD63-0A822C847E11}.Debug|Any CPU.Build.0 = Debug|Any CPU
		{41DED688-37E2-43EB-AD63-0A822C847E11}.Release|Any CPU.ActiveCfg = Release|Any CPU
		{41DED688-37E2-43EB-AD63-0A822C847E11}.Release|Any CPU.Build.0 = Release|Any CPU
	EndGlobalSection
	GlobalSection(SolutionProperties) = preSolution
		HideSolutionNode = FALSE
	EndGlobalSection
	GlobalSection(ExtensibilityGlobals) = postSolution
		SolutionGuid = {D9665497-2639-431E-BAEB-44EDD6CE715E}
	EndGlobalSection
EndGlobal
